// !$*UTF8*$!
{
	archiveVersion = 1;
	classes = {
	};
	objectVersion = 54;
	objects = {

/* Begin PBXBuildFile section */
		57D6948B26F1E3DE00A38953 /* AppDelegate.swift in Sources */ = {isa = PBXBuildFile; fileRef = 57D6948A26F1E3DE00A38953 /* AppDelegate.swift */; };
		57D6948D26F1E3DE00A38953 /* SceneDelegate.swift in Sources */ = {isa = PBXBuildFile; fileRef = 57D6948C26F1E3DE00A38953 /* SceneDelegate.swift */; };
		57D6948F26F1E3DE00A38953 /* NSObjectRxViewController.swift in Sources */ = {isa = PBXBuildFile; fileRef = 57D6948E26F1E3DE00A38953 /* NSObjectRxViewController.swift */; };
		57D6949226F1E3DE00A38953 /* Main.storyboard in Resources */ = {isa = PBXBuildFile; fileRef = 57D6949026F1E3DE00A38953 /* Main.storyboard */; };
		57D6949426F1E3DF00A38953 /* Assets.xcassets in Resources */ = {isa = PBXBuildFile; fileRef = 57D6949326F1E3DF00A38953 /* Assets.xcassets */; };
		57D6949726F1E3DF00A38953 /* LaunchScreen.storyboard in Resources */ = {isa = PBXBuildFile; fileRef = 57D6949526F1E3DF00A38953 /* LaunchScreen.storyboard */; };
		E9D10F1A8AE4827D69067AC8 /* Pods_RxStudy.framework in Frameworks */ = {isa = PBXBuildFile; fileRef = 6A6CDEB775EC4B4618975CFE /* Pods_RxStudy.framework */; };
/* End PBXBuildFile section */

/* Begin PBXFileReference section */
		1E0CF0BA6BE219641B67D48F /* Pods-RxStudy.release.xcconfig */ = {isa = PBXFileReference; includeInIndex = 1; lastKnownFileType = text.xcconfig; name = "Pods-RxStudy.release.xcconfig"; path = "Target Support Files/Pods-RxStudy/Pods-RxStudy.release.xcconfig"; sourceTree = "<group>"; };
		5704452F26FD7C7200BFA1CD /* Transforming Operators.playground */ = {isa = PBXFileReference; lastKnownFileType = file.playground; path = "Transforming Operators.playground"; sourceTree = "<group>"; xcLanguageSpecificationIdentifier = xcode.lang.swift; };
		57095CE826F22F3E0060ADEB /* Operators.playground */ = {isa = PBXFileReference; lastKnownFileType = file.playground; path = Operators.playground; sourceTree = "<group>"; xcLanguageSpecificationIdentifier = xcode.lang.swift; };
		5750F6C5270171E300A08D7E /* Sharing Subscription.playground */ = {isa = PBXFileReference; lastKnownFileType = file.playground; path = "Sharing Subscription.playground"; sourceTree = "<group>"; xcLanguageSpecificationIdentifier = xcode.lang.swift; };
		5754714D270AEB96001F1110 /* ErrorHandling.playground */ = {isa = PBXFileReference; lastKnownFileType = file.playground; path = ErrorHandling.playground; sourceTree = "<group>"; xcLanguageSpecificationIdentifier = xcode.lang.swift; };
		5754CD7826FC585F0048B7CC /* Filtering Operators.playground */ = {isa = PBXFileReference; lastKnownFileType = file.playground; path = "Filtering Operators.playground"; sourceTree = "<group>"; xcLanguageSpecificationIdentifier = xcode.lang.swift; };
		575A718526F74AA700FB54AF /* Create Operators .playground */ = {isa = PBXFileReference; lastKnownFileType = file.playground; path = "Create Operators .playground"; sourceTree = "<group>"; xcLanguageSpecificationIdentifier = xcode.lang.swift; };
		575E4AE127095A72002767BA /* Scheduler.playground */ = {isa = PBXFileReference; lastKnownFileType = file.playground; path = Scheduler.playground; sourceTree = "<group>"; xcLanguageSpecificationIdentifier = xcode.lang.swift; };
		5760608A26F2356E003B0CBC /* Subject.playground */ = {isa = PBXFileReference; lastKnownFileType = file.playground; path = Subject.playground; sourceTree = "<group>"; xcLanguageSpecificationIdentifier = xcode.lang.swift; };
		57A1DF8C27009B430058BA7C /* Combining Operators.playground */ = {isa = PBXFileReference; lastKnownFileType = file.playground; path = "Combining Operators.playground"; sourceTree = "<group>"; xcLanguageSpecificationIdentifier = xcode.lang.swift; };
		57B9370226F1E4D400129C66 /* Observables.playground */ = {isa = PBXFileReference; lastKnownFileType = file.playground; path = Observables.playground; sourceTree = "<group>"; xcLanguageSpecificationIdentifier = xcode.lang.swift; };
		57D6948726F1E3DE00A38953 /* RxStudy.app */ = {isa = PBXFileReference; explicitFileType = wrapper.application; includeInIndex = 0; path = RxStudy.app; sourceTree = BUILT_PRODUCTS_DIR; };
		57D6948A26F1E3DE00A38953 /* AppDelegate.swift */ = {isa = PBXFileReference; lastKnownFileType = sourcecode.swift; path = AppDelegate.swift; sourceTree = "<group>"; };
		57D6948C26F1E3DE00A38953 /* SceneDelegate.swift */ = {isa = PBXFileReference; lastKnownFileType = sourcecode.swift; path = SceneDelegate.swift; sourceTree = "<group>"; };
		57D6948E26F1E3DE00A38953 /* NSObjectRxViewController.swift */ = {isa = PBXFileReference; lastKnownFileType = sourcecode.swift; path = NSObjectRxViewController.swift; sourceTree = "<group>"; };
		57D6949126F1E3DE00A38953 /* Base */ = {isa = PBXFileReference; lastKnownFileType = file.storyboard; name = Base; path = Base.lproj/Main.storyboard; sourceTree = "<group>"; };
		57D6949326F1E3DF00A38953 /* Assets.xcassets */ = {isa = PBXFileReference; lastKnownFileType = folder.assetcatalog; path = Assets.xcassets; sourceTree = "<group>"; };
		57D6949626F1E3DF00A38953 /* Base */ = {isa = PBXFileReference; lastKnownFileType = file.storyboard; name = Base; path = Base.lproj/LaunchScreen.storyboard; sourceTree = "<group>"; };
		57D6949826F1E3DF00A38953 /* Info.plist */ = {isa = PBXFileReference; lastKnownFileType = text.plist.xml; path = Info.plist; sourceTree = "<group>"; };
		6A6CDEB775EC4B4618975CFE /* Pods_RxStudy.framework */ = {isa = PBXFileReference; explicitFileType = wrapper.framework; includeInIndex = 0; path = Pods_RxStudy.framework; sourceTree = BUILT_PRODUCTS_DIR; };
		A3C67DE8D15E177044FB17A3 /* Pods-RxStudy.debug.xcconfig */ = {isa = PBXFileReference; includeInIndex = 1; lastKnownFileType = text.xcconfig; name = "Pods-RxStudy.debug.xcconfig"; path = "Target Support Files/Pods-RxStudy/Pods-RxStudy.debug.xcconfig"; sourceTree = "<group>"; };
/* End PBXFileReference section */

/* Begin PBXFrameworksBuildPhase section */
		57D6948426F1E3DE00A38953 /* Frameworks */ = {
			isa = PBXFrameworksBuildPhase;
			buildActionMask = 2147483647;
			files = (
				E9D10F1A8AE4827D69067AC8 /* Pods_RxStudy.framework in Frameworks */,
			);
			runOnlyForDeploymentPostprocessing = 0;
		};
/* End PBXFrameworksBuildPhase section */

/* Begin PBXGroup section */
		57D6947E26F1E3DE00A38953 = {
			isa = PBXGroup;
			children = (
				5754714D270AEB96001F1110 /* ErrorHandling.playground */,
				575E4AE127095A72002767BA /* Scheduler.playground */,
				5750F6C5270171E300A08D7E /* Sharing Subscription.playground */,
				57A1DF8C27009B430058BA7C /* Combining Operators.playground */,
				5704452F26FD7C7200BFA1CD /* Transforming Operators.playground */,
				5754CD7826FC585F0048B7CC /* Filtering Operators.playground */,
				575A718526F74AA700FB54AF /* Create Operators .playground */,
				5760608A26F2356E003B0CBC /* Subject.playground */,
				57095CE826F22F3E0060ADEB /* Operators.playground */,
				57B9370226F1E4D400129C66 /* Observables.playground */,
				57D6948926F1E3DE00A38953 /* RxStudy */,
				57D6948826F1E3DE00A38953 /* Products */,
				DC522E65D5ADE94548718EEA /* Pods */,
				75E9F0211ECC415ECE9E94F0 /* Frameworks */,
			);
			sourceTree = "<group>";
		};
		57D6948826F1E3DE00A38953 /* Products */ = {
			isa = PBXGroup;
			children = (
				57D6948726F1E3DE00A38953 /* RxStudy.app */,
			);
			name = Products;
			sourceTree = "<group>";
		};
		57D6948926F1E3DE00A38953 /* RxStudy */ = {
			isa = PBXGroup;
			children = (
				57D6948A26F1E3DE00A38953 /* AppDelegate.swift */,
				57D6948C26F1E3DE00A38953 /* SceneDelegate.swift */,
				57D6948E26F1E3DE00A38953 /* NSObjectRxViewController.swift */,
				57D6949026F1E3DE00A38953 /* Main.storyboard */,
				57D6949326F1E3DF00A38953 /* Assets.xcassets */,
				57D6949526F1E3DF00A38953 /* LaunchScreen.storyboard */,
				57D6949826F1E3DF00A38953 /* Info.plist */,
			);
			path = RxStudy;
			sourceTree = "<group>";
		};
		75E9F0211ECC415ECE9E94F0 /* Frameworks */ = {
			isa = PBXGroup;
			children = (
				6A6CDEB775EC4B4618975CFE /* Pods_RxStudy.framework */,
			);
			name = Frameworks;
			sourceTree = "<group>";
		};
		DC522E65D5ADE94548718EEA /* Pods */ = {
			isa = PBXGroup;
			children = (
				A3C67DE8D15E177044FB17A3 /* Pods-RxStudy.debug.xcconfig */,
				1E0CF0BA6BE219641B67D48F /* Pods-RxStudy.release.xcconfig */,
			);
			path = Pods;
			sourceTree = "<group>";
		};
/* End PBXGroup section */

/* Begin PBXNativeTarget section */
		57D6948626F1E3DE00A38953 /* RxStudy */ = {
			isa = PBXNativeTarget;
			buildConfigurationList = 57D6949B26F1E3DF00A38953 /* Build configuration list for PBXNativeTarget "RxStudy" */;
			buildPhases = (
				FAD574423318351556269CAD /* [CP] Check Pods Manifest.lock */,
				57D6948326F1E3DE00A38953 /* Sources */,
				57D6948426F1E3DE00A38953 /* Frameworks */,
				57D6948526F1E3DE00A38953 /* Resources */,
				B2779929B3500AA5A3CD8FB5 /* [CP] Embed Pods Frameworks */,
			);
			buildRules = (
			);
			dependencies = (
			);
			name = RxStudy;
			productName = RxStudy;
			productReference = 57D6948726F1E3DE00A38953 /* RxStudy.app */;
			productType = "com.apple.product-type.application";
		};
/* End PBXNativeTarget section */

/* Begin PBXProject section */
		57D6947F26F1E3DE00A38953 /* Project object */ = {
			isa = PBXProject;
			attributes = {
				BuildIndependentTargetsInParallel = 1;
				LastSwiftUpdateCheck = 1300;
				LastUpgradeCheck = 1300;
				TargetAttributes = {
					57D6948626F1E3DE00A38953 = {
						CreatedOnToolsVersion = 13.0;
					};
				};
			};
			buildConfigurationList = 57D6948226F1E3DE00A38953 /* Build configuration list for PBXProject "RxStudy" */;
			compatibilityVersion = "Xcode 12.0";
			developmentRegion = en;
			hasScannedForEncodings = 0;
			knownRegions = (
				en,
				Base,
			);
			mainGroup = 57D6947E26F1E3DE00A38953;
			productRefGroup = 57D6948826F1E3DE00A38953 /* Products */;
			projectDirPath = "";
			projectRoot = "";
			targets = (
				57D6948626F1E3DE00A38953 /* RxStudy */,
			);
		};
/* End PBXProject section */

/* Begin PBXResourcesBuildPhase section */
		57D6948526F1E3DE00A38953 /* Resources */ = {
			isa = PBXResourcesBuildPhase;
			buildActionMask = 2147483647;
			files = (
				57D6949726F1E3DF00A38953 /* LaunchScreen.storyboard in Resources */,
				57D6949426F1E3DF00A38953 /* Assets.xcassets in Resources */,
				57D6949226F1E3DE00A38953 /* Main.storyboard in Resources */,
			);
			runOnlyForDeploymentPostprocessing = 0;
		};
/* End PBXResourcesBuildPhase section */

/* Begin PBXShellScriptBuildPhase section */
		B2779929B3500AA5A3CD8FB5 /* [CP] Embed Pods Frameworks */ = {
			isa = PBXShellScriptBuildPhase;
			buildActionMask = 2147483647;
			files = (
			);
			inputFileListPaths = (
				"${PODS_ROOT}/Target Support Files/Pods-RxStudy/Pods-RxStudy-frameworks-${CONFIGURATION}-input-files.xcfilelist",
			);
			name = "[CP] Embed Pods Frameworks";
			outputFileListPaths = (
				"${PODS_ROOT}/Target Support Files/Pods-RxStudy/Pods-RxStudy-frameworks-${CONFIGURATION}-output-files.xcfilelist",
			);
			runOnlyForDeploymentPostprocessing = 0;
			shellPath = /bin/sh;
			shellScript = "\"${PODS_ROOT}/Target Support Files/Pods-RxStudy/Pods-RxStudy-frameworks.sh\"\n";
			showEnvVarsInLog = 0;
		};
		FAD574423318351556269CAD /* [CP] Check Pods Manifest.lock */ = {
			isa = PBXShellScriptBuildPhase;
			buildActionMask = 2147483647;
			files = (
			);
			inputFileListPaths = (
			);
			inputPaths = (
				"${PODS_PODFILE_DIR_PATH}/Podfile.lock",
				"${PODS_ROOT}/Manifest.lock",
			);
			name = "[CP] Check Pods Manifest.lock";
			outputFileListPaths = (
			);
			outputPaths = (
				"$(DERIVED_FILE_DIR)/Pods-RxStudy-checkManifestLockResult.txt",
			);
			runOnlyForDeploymentPostprocessing = 0;
			shellPath = /bin/sh;
			shellScript = "diff \"${PODS_PODFILE_DIR_PATH}/Podfile.lock\" \"${PODS_ROOT}/Manifest.lock\" > /dev/null\nif [ $? != 0 ] ; then\n    # print error to STDERR\n    echo \"error: The sandbox is not in sync with the Podfile.lock. Run 'pod install' or update your CocoaPods installation.\" >&2\n    exit 1\nfi\n# This output is used by Xcode 'outputs' to avoid re-running this script phase.\necho \"SUCCESS\" > \"${SCRIPT_OUTPUT_FILE_0}\"\n";
			showEnvVarsInLog = 0;
		};
/* End PBXShellScriptBuildPhase section */

/* Begin PBXSourcesBuildPhase section */
		57D6948326F1E3DE00A38953 /* Sources */ = {
			isa = PBXSourcesBuildPhase;
			buildActionMask = 2147483647;
			files = (
				57D6948F26F1E3DE00A38953 /* NSObjectRxViewController.swift in Sources */,
				57D6948B26F1E3DE00A38953 /* AppDelegate.swift in Sources */,
				57D6948D26F1E3DE00A38953 /* SceneDelegate.swift in Sources */,
			);
			runOnlyForDeploymentPostprocessing = 0;
		};
/* End PBXSourcesBuildPhase section */

/* Begin PBXVariantGroup section */
		57D6949026F1E3DE00A38953 /* Main.storyboard */ = {
			isa = PBXVariantGroup;
			children = (
				57D6949126F1E3DE00A38953 /* Base */,
			);
			name = Main.storyboard;
			sourceTree = "<group>";
		};
		57D6949526F1E3DF00A38953 /* LaunchScreen.storyboard */ = {
			isa = PBXVariantGroup;
			children = (
				57D6949626F1E3DF00A38953 /* Base */,
			);
			name = LaunchScreen.storyboard;
			sourceTree = "<group>";
		};
/* End PBXVariantGroup section */

/* Begin XCBuildConfiguration section */
		57D6949926F1E3DF00A38953 /* Debug */ = {
			isa = XCBuildConfiguration;
			buildSettings = {
				ALWAYS_SEARCH_USER_PATHS = NO;
				CLANG_ANALYZER_NONNULL = YES;
				CLANG_ANALYZER_NUMBER_OBJECT_CONVERSION = YES_AGGRESSIVE;
				CLANG_CXX_LANGUAGE_STANDARD = "gnu++14";
				CLANG_CXX_LIBRARY = "libc++";
				CLANG_ENABLE_MODULES = YES;
				CLANG_ENABLE_OBJC_ARC = YES;
				CLANG_ENABLE_OBJC_WEAK = YES;
				CLANG_WARN_BLOCK_CAPTURE_AUTORELEASING = YES;
				CLANG_WARN_BOOL_CONVERSION = YES;
				CLANG_WARN_COMMA = YES;
				CLANG_WARN_CONSTANT_CONVERSION = YES;
				CLANG_WARN_DEPRECATED_OBJC_IMPLEMENTATIONS = YES;
				CLANG_WARN_DIRECT_OBJC_ISA_USAGE = YES_ERROR;
				CLANG_WARN_DOCUMENTATION_COMMENTS = YES;
				CLANG_WARN_EMPTY_BODY = YES;
				CLANG_WARN_ENUM_CONVERSION = YES;
				CLANG_WARN_INFINITE_RECURSION = YES;
				CLANG_WARN_INT_CONVERSION = YES;
				CLANG_WARN_NON_LITERAL_NULL_CONVERSION = YES;
				CLANG_WARN_OBJC_IMPLICIT_RETAIN_SELF = YES;
				CLANG_WARN_OBJC_LITERAL_CONVERSION = YES;
				CLANG_WARN_OBJC_ROOT_CLASS = YES_ERROR;
				CLANG_WARN_QUOTED_INCLUDE_IN_FRAMEWORK_HEADER = YES;
				CLANG_WARN_RANGE_LOOP_ANALYSIS = YES;
				CLANG_WARN_STRICT_PROTOTYPES = YES;
				CLANG_WARN_SUSPICIOUS_MOVE = YES;
				CLANG_WARN_UNGUARDED_AVAILABILITY = YES_AGGRESSIVE;
				CLANG_WARN_UNREACHABLE_CODE = YES;
				CLANG_WARN__DUPLICATE_METHOD_MATCH = YES;
				COPY_PHASE_STRIP = NO;
				DEBUG_INFORMATION_FORMAT = dwarf;
				ENABLE_STRICT_OBJC_MSGSEND = YES;
				ENABLE_TESTABILITY = YES;
				GCC_C_LANGUAGE_STANDARD = gnu11;
				GCC_DYNAMIC_NO_PIC = NO;
				GCC_NO_COMMON_BLOCKS = YES;
				GCC_OPTIMIZATION_LEVEL = 0;
				GCC_PREPROCESSOR_DEFINITIONS = (
					"DEBUG=1",
					"$(inherited)",
				);
				GCC_WARN_64_TO_32_BIT_CONVERSION = YES;
				GCC_WARN_ABOUT_RETURN_TYPE = YES_ERROR;
				GCC_WARN_UNDECLARED_SELECTOR = YES;
				GCC_WARN_UNINITIALIZED_AUTOS = YES_AGGRESSIVE;
				GCC_WARN_UNUSED_FUNCTION = YES;
				GCC_WARN_UNUSED_VARIABLE = YES;
				IPHONEOS_DEPLOYMENT_TARGET = 15.0;
				MTL_ENABLE_DEBUG_INFO = INCLUDE_SOURCE;
				MTL_FAST_MATH = YES;
				ONLY_ACTIVE_ARCH = YES;
				SDKROOT = iphoneos;
				SWIFT_ACTIVE_COMPILATION_CONDITIONS = DEBUG;
				SWIFT_OPTIMIZATION_LEVEL = "-Onone";
			};
			name = Debug;
		};
		57D6949A26F1E3DF00A38953 /* Release */ = {
			isa = XCBuildConfiguration;
			buildSettings = {
				ALWAYS_SEARCH_USER_PATHS = NO;
				CLANG_ANALYZER_NONNULL = YES;
				CLANG_ANALYZER_NUMBER_OBJECT_CONVERSION = YES_AGGRESSIVE;
				CLANG_CXX_LANGUAGE_STANDARD = "gnu++14";
				CLANG_CXX_LIBRARY = "libc++";
				CLANG_ENABLE_MODULES = YES;
				CLANG_ENABLE_OBJC_ARC = YES;
				CLANG_ENABLE_OBJC_WEAK = YES;
				CLANG_WARN_BLOCK_CAPTURE_AUTORELEASING = YES;
				CLANG_WARN_BOOL_CONVERSION = YES;
				CLANG_WARN_COMMA = YES;
				CLANG_WARN_CONSTANT_CONVERSION = YES;
				CLANG_WARN_DEPRECATED_OBJC_IMPLEMENTATIONS = YES;
				CLANG_WARN_DIRECT_OBJC_ISA_USAGE = YES_ERROR;
				CLANG_WARN_DOCUMENTATION_COMMENTS = YES;
				CLANG_WARN_EMPTY_BODY = YES;
				CLANG_WARN_ENUM_CONVERSION = YES;
				CLANG_WARN_INFINITE_RECURSION = YES;
				CLANG_WARN_INT_CONVERSION = YES;
				CLANG_WARN_NON_LITERAL_NULL_CONVERSION = YES;
				CLANG_WARN_OBJC_IMPLICIT_RETAIN_SELF = YES;
				CLANG_WARN_OBJC_LITERAL_CONVERSION = YES;
				CLANG_WARN_OBJC_ROOT_CLASS = YES_ERROR;
				CLANG_WARN_QUOTED_INCLUDE_IN_FRAMEWORK_HEADER = YES;
				CLANG_WARN_RANGE_LOOP_ANALYSIS = YES;
				CLANG_WARN_STRICT_PROTOTYPES = YES;
				CLANG_WARN_SUSPICIOUS_MOVE = YES;
				CLANG_WARN_UNGUARDED_AVAILABILITY = YES_AGGRESSIVE;
				CLANG_WARN_UNREACHABLE_CODE = YES;
				CLANG_WARN__DUPLICATE_METHOD_MATCH = YES;
				COPY_PHASE_STRIP = NO;
				DEBUG_INFORMATION_FORMAT = "dwarf-with-dsym";
				ENABLE_NS_ASSERTIONS = NO;
				ENABLE_STRICT_OBJC_MSGSEND = YES;
				GCC_C_LANGUAGE_STANDARD = gnu11;
				GCC_NO_COMMON_BLOCKS = YES;
				GCC_WARN_64_TO_32_BIT_CONVERSION = YES;
				GCC_WARN_ABOUT_RETURN_TYPE = YES_ERROR;
				GCC_WARN_UNDECLARED_SELECTOR = YES;
				GCC_WARN_UNINITIALIZED_AUTOS = YES_AGGRESSIVE;
				GCC_WARN_UNUSED_FUNCTION = YES;
				GCC_WARN_UNUSED_VARIABLE = YES;
				IPHONEOS_DEPLOYMENT_TARGET = 15.0;
				MTL_ENABLE_DEBUG_INFO = NO;
				MTL_FAST_MATH = YES;
				SDKROOT = iphoneos;
				SWIFT_COMPILATION_MODE = wholemodule;
				SWIFT_OPTIMIZATION_LEVEL = "-O";
				VALIDATE_PRODUCT = YES;
			};
			name = Release;
		};
		57D6949C26F1E3DF00A38953 /* Debug */ = {
			isa = XCBuildConfiguration;
			baseConfigurationReference = A3C67DE8D15E177044FB17A3 /* Pods-RxStudy.debug.xcconfig */;
			buildSettings = {
				ASSETCATALOG_COMPILER_APPICON_NAME = AppIcon;
				ASSETCATALOG_COMPILER_GLOBAL_ACCENT_COLOR_NAME = AccentColor;
				CODE_SIGN_STYLE = Automatic;
				CURRENT_PROJECT_VERSION = 1;
				DEVELOPMENT_TEAM = 368YFJ26SB;
				GENERATE_INFOPLIST_FILE = YES;
				INFOPLIST_FILE = RxStudy/Info.plist;
				INFOPLIST_KEY_UIApplicationSupportsIndirectInputEvents = YES;
				INFOPLIST_KEY_UILaunchStoryboardName = LaunchScreen;
				INFOPLIST_KEY_UIMainStoryboardFile = Main;
				INFOPLIST_KEY_UISupportedInterfaceOrientations_iPad = "UIInterfaceOrientationPortrait UIInterfaceOrientationPortraitUpsideDown UIInterfaceOrientationLandscapeLeft UIInterfaceOrientationLandscapeRight";
				INFOPLIST_KEY_UISupportedInterfaceOrientations_iPhone = "UIInterfaceOrientationPortrait UIInterfaceOrientationLandscapeLeft UIInterfaceOrientationLandscapeRight";
				LD_RUNPATH_SEARCH_PATHS = (
					"$(inherited)",
					"@executable_path/Frameworks",
				);
				MARKETING_VERSION = 1.0;
				PRODUCT_BUNDLE_IDENTIFIER = com.rich.RxStudy;
				PRODUCT_NAME = "$(TARGET_NAME)";
				SWIFT_EMIT_LOC_STRINGS = YES;
				SWIFT_VERSION = 5.0;
				TARGETED_DEVICE_FAMILY = "1,2";
			};
			name = Debug;
		};
		57D6949D26F1E3DF00A38953 /* Release */ = {
			isa = XCBuildConfiguration;
			baseConfigurationReference = 1E0CF0BA6BE219641B67D48F /* Pods-RxStudy.release.xcconfig */;
			buildSettings = {
				ASSETCATALOG_COMPILER_APPICON_NAME = AppIcon;
				ASSETCATALOG_COMPILER_GLOBAL_ACCENT_COLOR_NAME = AccentColor;
				CODE_SIGN_STYLE = Automatic;
				CURRENT_PROJECT_VERSION = 1;
				DEVELOPMENT_TEAM = 368YFJ26SB;
				GENERATE_INFOPLIST_FILE = YES;
				INFOPLIST_FILE = RxStudy/Info.plist;
				INFOPLIST_KEY_UIApplicationSupportsIndirectInputEvents = YES;
				INFOPLIST_KEY_UILaunchStoryboardName = LaunchScreen;
				INFOPLIST_KEY_UIMainStoryboardFile = Main;
				INFOPLIST_KEY_UISupportedInterfaceOrientations_iPad = "UIInterfaceOrientationPortrait UIInterfaceOrientationPortraitUpsideDown UIInterfaceOrientationLandscapeLeft UIInterfaceOrientationLandscapeRight";
				INFOPLIST_KEY_UISupportedInterfaceOrientations_iPhone = "UIInterfaceOrientationPortrait UIInterfaceOrientationLandscapeLeft UIInterfaceOrientationLandscapeRight";
				LD_RUNPATH_SEARCH_PATHS = (
					"$(inherited)",
					"@executable_path/Frameworks",
				);
				MARKETING_VERSION = 1.0;
				PRODUCT_BUNDLE_IDENTIFIER = com.rich.RxStudy;
				PRODUCT_NAME = "$(TARGET_NAME)";
				SWIFT_EMIT_LOC_STRINGS = YES;
				SWIFT_VERSION = 5.0;
				TARGETED_DEVICE_FAMILY = "1,2";
			};
			name = Release;
		};
/* End XCBuildConfiguration section */

/* Begin XCConfigurationList section */
		57D6948226F1E3DE00A38953 /* Build configuration list for PBXProject "RxStudy" */ = {
			isa = XCConfigurationList;
			buildConfigurations = (
				57D6949926F1E3DF00A38953 /* Debug */,
				57D6949A26F1E3DF00A38953 /* Release */,
			);
			defaultConfigurationIsVisible = 0;
			defaultConfigurationName = Release;
		};
		57D6949B26F1E3DF00A38953 /* Build configuration list for PBXNativeTarget "RxStudy" */ = {
			isa = XCConfigurationList;
			buildConfigurations = (
				57D6949C26F1E3DF00A38953 /* Debug */,
				57D6949D26F1E3DF00A38953 /* Release */,
			);
			defaultConfigurationIsVisible = 0;
			defaultConfigurationName = Release;
		};
/* End XCConfigurationList section */
	};
	rootObject = 57D6947F26F1E3DE00A38953 /* Project object */;
}
