PODS:
  - "NSObject+Rx (5.2.1)":
    - RxSwift (~> 6.0)
  - RxCocoa (6.0.0):
    - RxRelay (= 6.0.0)
    - RxSwift (= 6.0.0)
  - RxRelay (6.0.0):
    - RxSwift (= 6.0.0)
  - RxSwift (6.0.0)

DEPENDENCIES:
  - "NSObject+Rx"
  - RxCocoa (= 6.0.0)
  - RxSwift (= 6.0.0)

SPEC REPOS:
  trunk:
    - "NSObject+Rx"
    - RxCocoa
    - RxRelay
    - RxSwift

SPEC CHECKSUMS:
  "NSObject+Rx": 49ffbf55ad0bbc29a44547db63a9e33caf0c5d60
  RxCocoa: 3f79328fafa3645b34600f37c31e64c73ae3a80e
  RxRelay: 8d593be109c06ea850df027351beba614b012ffb
  RxSwift: c14e798c59b9f6e9a2df8fd235602e85cc044295

PODFILE CHECKSUM: 5bb282e34d996d5205c73ff798e81a6ba4a55163

COCOAPODS: 1.10.1
